
Microsoft Visual Studio Solution File, Format Version 12.00
# Visual Studio Version 17
VisualStudioVersion = 17.10.34928.147
MinimumVisualStudioVersion = 10.0.40219.1
Project("{2150E333-8FDC-42A3-9474-1A3956D46DE8}") = "解决方案项", "解决方案项", "{E4DBD6B4-2BA2-4480-9D68-8524AB3716EF}"
	ProjectSection(SolutionItems) = preProject
		.gitignore = .gitignore
		Directory.Build.props = Directory.Build.props
		README.md = README.md
	EndProjectSection
EndProject
Project("{9A19103F-16F7-4668-BE54-9A1E7A4F7556}") = "SenkaSticker", "SenkaSticker\SenkaSticker.csproj", "{EAECB189-EF55-4C04-9368-829E55DBE7F9}"
EndProject
Project("{9A19103F-16F7-4668-BE54-9A1E7A4F7556}") = "SenkaSticker.Controls", "SenkaSticker.Controls\SenkaSticker.Controls.csproj", "{BB1BBD5C-36CE-4994-8D4C-89FC78103DDC}"
EndProject
Project("{9A19103F-16F7-4668-BE54-9A1E7A4F7556}") = "SenkaSticker.Common", "SenkaSticker.Common\SenkaSticker.Common.csproj", "{E47F93E1-F135-4B26-9B9C-C13EFFCEF5F1}"
EndProject
Project("{9A19103F-16F7-4668-BE54-9A1E7A4F7556}") = "SenkaSticker.Test", "SenkaSticker.Test\SenkaSticker.Test.csproj", "{F4329EFF-3160-4EBC-BC53-1D63660F3FCD}"
EndProject
Project("{9A19103F-16F7-4668-BE54-9A1E7A4F7556}") = "SenkaSticker.Build", "SenkaSticker.Build\SenkaSticker.Build.csproj", "{FBEDB546-8998-4DC2-B687-231EE0C96C55}"
EndProject
Project("{FAE04EC0-301F-11D3-BF4B-00C04F79EFBC}") = "SenkaSticker.Database", "SenkaSticker.Database\SenkaSticker.Database.csproj", "{D3B4AEE7-18B7-4AD3-9607-7D080152FF0E}"
EndProject
Project("{2150E333-8FDC-42A3-9474-1A3956D46DE8}") = "CI", "CI", "{02EA681E-C7D8-13C7-8484-4AC65E1B71E8}"
	ProjectSection(SolutionItems) = preProject
		CI\Build.bat = CI\Build.bat
	EndProjectSection
EndProject
Global
	GlobalSection(SolutionConfigurationPlatforms) = preSolution
		Debug|Any CPU = Debug|Any CPU
		Debug|x64 = Debug|x64
		Release|Any CPU = Release|Any CPU
		Release|x64 = Release|x64
	EndGlobalSection
	GlobalSection(ProjectConfigurationPlatforms) = postSolution
		{EAECB189-EF55-4C04-9368-829E55DBE7F9}.Debug|Any CPU.ActiveCfg = Debug|Any CPU
		{EAECB189-EF55-4C04-9368-829E55DBE7F9}.Debug|Any CPU.Build.0 = Debug|Any CPU
		{EAECB189-EF55-4C04-9368-829E55DBE7F9}.Debug|x64.ActiveCfg = Debug|x64
		{EAECB189-EF55-4C04-9368-829E55DBE7F9}.Debug|x64.Build.0 = Debug|x64
		{EAECB189-EF55-4C04-9368-829E55DBE7F9}.Release|Any CPU.ActiveCfg = Release|Any CPU
		{EAECB189-EF55-4C04-9368-829E55DBE7F9}.Release|Any CPU.Build.0 = Release|Any CPU
		{EAECB189-EF55-4C04-9368-829E55DBE7F9}.Release|x64.ActiveCfg = Release|x64
		{EAECB189-EF55-4C04-9368-829E55DBE7F9}.Release|x64.Build.0 = Release|x64
		{BB1BBD5C-36CE-4994-8D4C-89FC78103DDC}.Debug|Any CPU.ActiveCfg = Debug|x64
		{BB1BBD5C-36CE-4994-8D4C-89FC78103DDC}.Debug|Any CPU.Build.0 = Debug|x64
		{BB1BBD5C-36CE-4994-8D4C-89FC78103DDC}.Debug|x64.ActiveCfg = Debug|x64
		{BB1BBD5C-36CE-4994-8D4C-89FC78103DDC}.Debug|x64.Build.0 = Debug|x64
		{BB1BBD5C-36CE-4994-8D4C-89FC78103DDC}.Release|Any CPU.ActiveCfg = Release|x64
		{BB1BBD5C-36CE-4994-8D4C-89FC78103DDC}.Release|Any CPU.Build.0 = Release|x64
		{BB1BBD5C-36CE-4994-8D4C-89FC78103DDC}.Release|x64.ActiveCfg = Release|x64
		{BB1BBD5C-36CE-4994-8D4C-89FC78103DDC}.Release|x64.Build.0 = Release|x64
		{E47F93E1-F135-4B26-9B9C-C13EFFCEF5F1}.Debug|Any CPU.ActiveCfg = Debug|x64
		{E47F93E1-F135-4B26-9B9C-C13EFFCEF5F1}.Debug|Any CPU.Build.0 = Debug|x64
		{E47F93E1-F135-4B26-9B9C-C13EFFCEF5F1}.Debug|x64.ActiveCfg = Debug|x64
		{E47F93E1-F135-4B26-9B9C-C13EFFCEF5F1}.Debug|x64.Build.0 = Debug|x64
		{E47F93E1-F135-4B26-9B9C-C13EFFCEF5F1}.Release|Any CPU.ActiveCfg = Release|x64
		{E47F93E1-F135-4B26-9B9C-C13EFFCEF5F1}.Release|Any CPU.Build.0 = Release|x64
		{E47F93E1-F135-4B26-9B9C-C13EFFCEF5F1}.Release|x64.ActiveCfg = Release|x64
		{E47F93E1-F135-4B26-9B9C-C13EFFCEF5F1}.Release|x64.Build.0 = Release|x64
		{F4329EFF-3160-4EBC-BC53-1D63660F3FCD}.Debug|Any CPU.ActiveCfg = Debug|x64
		{F4329EFF-3160-4EBC-BC53-1D63660F3FCD}.Debug|Any CPU.Build.0 = Debug|x64
		{F4329EFF-3160-4EBC-BC53-1D63660F3FCD}.Debug|x64.ActiveCfg = Debug|x64
		{F4329EFF-3160-4EBC-BC53-1D63660F3FCD}.Debug|x64.Build.0 = Debug|x64
		{F4329EFF-3160-4EBC-BC53-1D63660F3FCD}.Release|Any CPU.ActiveCfg = Release|x64
		{F4329EFF-3160-4EBC-BC53-1D63660F3FCD}.Release|Any CPU.Build.0 = Release|x64
		{F4329EFF-3160-4EBC-BC53-1D63660F3FCD}.Release|x64.ActiveCfg = Release|x64
		{F4329EFF-3160-4EBC-BC53-1D63660F3FCD}.Release|x64.Build.0 = Release|x64
		{FBEDB546-8998-4DC2-B687-231EE0C96C55}.Debug|Any CPU.ActiveCfg = Debug|x64
		{FBEDB546-8998-4DC2-B687-231EE0C96C55}.Debug|Any CPU.Build.0 = Debug|x64
		{FBEDB546-8998-4DC2-B687-231EE0C96C55}.Debug|x64.ActiveCfg = Debug|x64
		{FBEDB546-8998-4DC2-B687-231EE0C96C55}.Debug|x64.Build.0 = Debug|x64
		{FBEDB546-8998-4DC2-B687-231EE0C96C55}.Release|Any CPU.ActiveCfg = Release|x64
		{FBEDB546-8998-4DC2-B687-231EE0C96C55}.Release|Any CPU.Build.0 = Release|x64
		{FBEDB546-8998-4DC2-B687-231EE0C96C55}.Release|x64.ActiveCfg = Release|x64
		{FBEDB546-8998-4DC2-B687-231EE0C96C55}.Release|x64.Build.0 = Release|x64
		{D3B4AEE7-18B7-4AD3-9607-7D080152FF0E}.Debug|Any CPU.ActiveCfg = Debug|x64
		{D3B4AEE7-18B7-4AD3-9607-7D080152FF0E}.Debug|Any CPU.Build.0 = Debug|x64
		{D3B4AEE7-18B7-4AD3-9607-7D080152FF0E}.Debug|x64.ActiveCfg = Debug|x64
		{D3B4AEE7-18B7-4AD3-9607-7D080152FF0E}.Debug|x64.Build.0 = Debug|x64
		{D3B4AEE7-18B7-4AD3-9607-7D080152FF0E}.Release|Any CPU.ActiveCfg = Release|x64
		{D3B4AEE7-18B7-4AD3-9607-7D080152FF0E}.Release|Any CPU.Build.0 = Release|x64
		{D3B4AEE7-18B7-4AD3-9607-7D080152FF0E}.Release|x64.ActiveCfg = Release|x64
		{D3B4AEE7-18B7-4AD3-9607-7D080152FF0E}.Release|x64.Build.0 = Release|x64
	EndGlobalSection
	GlobalSection(SolutionProperties) = preSolution
		HideSolutionNode = FALSE
	EndGlobalSection
	GlobalSection(ExtensibilityGlobals) = postSolution
		SolutionGuid = {0315DF6A-DDFB-4D91-A684-327F8A22C4BB}
	EndGlobalSection
EndGlobal
